
Microsoft Visual Studio Solution File, Format Version 12.00
# Visual Studio Version 16
VisualStudioVersion = 16.0.29209.62
MinimumVisualStudioVersion = 10.0.40219.1
Project("{FAE04EC0-301F-11D3-BF4B-00C04F79EFBC}") = "NotHelloWorld", "NotHelloWorld\NotHelloWorld.csproj", "{DC828FD4-859C-4171-AFF8-ABA9640CD502}"
EndProject
Global
	GlobalSection(SolutionConfigurationPlatforms) = preSolution
		Debug|Any CPU = Debug|Any CPU
		Release|Any CPU = Release|Any CPU
	EndGlobalSection
	GlobalSection(ProjectConfigurationPlatforms) = postSolution
		{DC828FD4-859C-4171-AFF8-ABA9640CD502}.Debug|Any CPU.ActiveCfg = Debug|Any CPU
		{DC828FD4-859C-4171-AFF8-ABA9640CD502}.Debug|Any CPU.Build.0 = Debug|Any CPU
		{DC828FD4-859C-4171-AFF8-ABA9640CD502}.Release|Any CPU.ActiveCfg = Release|Any CPU
		{DC828FD4-859C-4171-AFF8-ABA9640CD502}.Release|Any CPU.Build.0 = Release|Any CPU
	EndGlobalSection
	GlobalSection(SolutionProperties) = preSolution
		HideSolutionNode = FALSE
	EndGlobalSection
	GlobalSection(ExtensibilityGlobals) = postSolution
		SolutionGuid = {7ACB8CF0-F1C1-4A99-8BCE-24F0E7ABB8C5}
	EndGlobalSection
EndGlobal
